// !$*UTF8*$!
{
	archiveVersion = 1;
	classes = {
	};
	objectVersion = 56;
	objects = {

/* Begin PBXBuildFile section */
		2807729C2B44845100BC3028 /* Utils.swift in Sources */ = {isa = PBXBuildFile; fileRef = 2807729B2B44845100BC3028 /* Utils.swift */; };
		2818E98E2B43F72F005CF640 /* WebCamBenchApp.swift in Sources */ = {isa = PBXBuildFile; fileRef = 2818E98D2B43F72F005CF640 /* WebCamBenchApp.swift */; };
		2818E9902B43F72F005CF640 /* ContentView.swift in Sources */ = {isa = PBXBuildFile; fileRef = 2818E98F2B43F72F005CF640 /* ContentView.swift */; };
		2818E9942B43F731005CF640 /* Assets.xcassets in Resources */ = {isa = PBXBuildFile; fileRef = 2818E9932B43F731005CF640 /* Assets.xcassets */; };
		2818E9972B43F731005CF640 /* Preview Assets.xcassets in Resources */ = {isa = PBXBuildFile; fileRef = 2818E9962B43F731005CF640 /* Preview Assets.xcassets */; };
		2818E9A22B43F731005CF640 /* WebCamBenchTests.swift in Sources */ = {isa = PBXBuildFile; fileRef = 2818E9A12B43F731005CF640 /* WebCamBenchTests.swift */; };
		2818E9AC2B43F731005CF640 /* WebCamBenchUITests.swift in Sources */ = {isa = PBXBuildFile; fileRef = 2818E9AB2B43F731005CF640 /* WebCamBenchUITests.swift */; };
		2818E9AE2B43F731005CF640 /* WebCamBenchUITestsLaunchTests.swift in Sources */ = {isa = PBXBuildFile; fileRef = 2818E9AD2B43F731005CF640 /* WebCamBenchUITestsLaunchTests.swift */; };
		2818E9BC2B43F7CE005CF640 /* DeviceInfo.swift in Sources */ = {isa = PBXBuildFile; fileRef = 2818E9BB2B43F7CE005CF640 /* DeviceInfo.swift */; };
		2818E9BE2B43FA87005CF640 /* CameraDeviceModel.swift in Sources */ = {isa = PBXBuildFile; fileRef = 2818E9BD2B43FA87005CF640 /* CameraDeviceModel.swift */; };
		2818E9C02B440BD4005CF640 /* Benchmark.swift in Sources */ = {isa = PBXBuildFile; fileRef = 2818E9BF2B440BD4005CF640 /* Benchmark.swift */; };
		28D2014A2B44426800940E9F /* DeviceView.swift in Sources */ = {isa = PBXBuildFile; fileRef = 28D201492B44426800940E9F /* DeviceView.swift */; };
		28D2014C2B44496B00940E9F /* DeviceLableView.swift in Sources */ = {isa = PBXBuildFile; fileRef = 28D2014B2B44496B00940E9F /* DeviceLableView.swift */; };
		28D2014E2B444A6F00940E9F /* DeviceContentView.swift in Sources */ = {isa = PBXBuildFile; fileRef = 28D2014D2B444A6F00940E9F /* DeviceContentView.swift */; };
		28D201512B44578D00940E9F /* DeviceMetricLabelView.swift in Sources */ = {isa = PBXBuildFile; fileRef = 28D201502B44578D00940E9F /* DeviceMetricLabelView.swift */; };
/* End PBXBuildFile section */

/* Begin PBXContainerItemProxy section */
		2818E99E2B43F731005CF640 /* PBXContainerItemProxy */ = {
			isa = PBXContainerItemProxy;
			containerPortal = 2818E9822B43F72F005CF640 /* Project object */;
			proxyType = 1;
			remoteGlobalIDString = 2818E9892B43F72F005CF640;
			remoteInfo = WebCamBench;
		};
		2818E9A82B43F731005CF640 /* PBXContainerItemProxy */ = {
			isa = PBXContainerItemProxy;
			containerPortal = 2818E9822B43F72F005CF640 /* Project object */;
			proxyType = 1;
			remoteGlobalIDString = 2818E9892B43F72F005CF640;
			remoteInfo = WebCamBench;
		};
/* End PBXContainerItemProxy section */

/* Begin PBXFileReference section */
		2807729B2B44845100BC3028 /* Utils.swift */ = {isa = PBXFileReference; lastKnownFileType = sourcecode.swift; path = Utils.swift; sourceTree = "<group>"; };
		2818E98A2B43F72F005CF640 /* WebCamBench.app */ = {isa = PBXFileReference; explicitFileType = wrapper.application; includeInIndex = 0; path = WebCamBench.app; sourceTree = BUILT_PRODUCTS_DIR; };
		2818E98D2B43F72F005CF640 /* WebCamBenchApp.swift */ = {isa = PBXFileReference; lastKnownFileType = sourcecode.swift; path = WebCamBenchApp.swift; sourceTree = "<group>"; };
		2818E98F2B43F72F005CF640 /* ContentView.swift */ = {isa = PBXFileReference; lastKnownFileType = sourcecode.swift; path = ContentView.swift; sourceTree = "<group>"; };
		2818E9932B43F731005CF640 /* Assets.xcassets */ = {isa = PBXFileReference; lastKnownFileType = folder.assetcatalog; path = Assets.xcassets; sourceTree = "<group>"; };
		2818E9962B43F731005CF640 /* Preview Assets.xcassets */ = {isa = PBXFileReference; lastKnownFileType = folder.assetcatalog; path = "Preview Assets.xcassets"; sourceTree = "<group>"; };
		2818E9982B43F731005CF640 /* WebCamBench.entitlements */ = {isa = PBXFileReference; lastKnownFileType = text.plist.entitlements; path = WebCamBench.entitlements; sourceTree = "<group>"; };
		2818E99D2B43F731005CF640 /* WebCamBenchTests.xctest */ = {isa = PBXFileReference; explicitFileType = wrapper.cfbundle; includeInIndex = 0; path = WebCamBenchTests.xctest; sourceTree = BUILT_PRODUCTS_DIR; };
		2818E9A12B43F731005CF640 /* WebCamBenchTests.swift */ = {isa = PBXFileReference; lastKnownFileType = sourcecode.swift; path = WebCamBenchTests.swift; sourceTree = "<group>"; };
		2818E9A72B43F731005CF640 /* WebCamBenchUITests.xctest */ = {isa = PBXFileReference; explicitFileType = wrapper.cfbundle; includeInIndex = 0; path = WebCamBenchUITests.xctest; sourceTree = BUILT_PRODUCTS_DIR; };
		2818E9AB2B43F731005CF640 /* WebCamBenchUITests.swift */ = {isa = PBXFileReference; lastKnownFileType = sourcecode.swift; path = WebCamBenchUITests.swift; sourceTree = "<group>"; };
		2818E9AD2B43F731005CF640 /* WebCamBenchUITestsLaunchTests.swift */ = {isa = PBXFileReference; lastKnownFileType = sourcecode.swift; path = WebCamBenchUITestsLaunchTests.swift; sourceTree = "<group>"; };
		2818E9BB2B43F7CE005CF640 /* DeviceInfo.swift */ = {isa = PBXFileReference; lastKnownFileType = sourcecode.swift; path = DeviceInfo.swift; sourceTree = "<group>"; };
		2818E9BD2B43FA87005CF640 /* CameraDeviceModel.swift */ = {isa = PBXFileReference; lastKnownFileType = sourcecode.swift; path = CameraDeviceModel.swift; sourceTree = "<group>"; };
		2818E9BF2B440BD4005CF640 /* Benchmark.swift */ = {isa = PBXFileReference; lastKnownFileType = sourcecode.swift; path = Benchmark.swift; sourceTree = "<group>"; };
		28D201492B44426800940E9F /* DeviceView.swift */ = {isa = PBXFileReference; lastKnownFileType = sourcecode.swift; path = DeviceView.swift; sourceTree = "<group>"; };
		28D2014B2B44496B00940E9F /* DeviceLableView.swift */ = {isa = PBXFileReference; lastKnownFileType = sourcecode.swift; path = DeviceLableView.swift; sourceTree = "<group>"; };
		28D2014D2B444A6F00940E9F /* DeviceContentView.swift */ = {isa = PBXFileReference; lastKnownFileType = sourcecode.swift; path = DeviceContentView.swift; sourceTree = "<group>"; };
		28D201502B44578D00940E9F /* DeviceMetricLabelView.swift */ = {isa = PBXFileReference; lastKnownFileType = sourcecode.swift; path = DeviceMetricLabelView.swift; sourceTree = "<group>"; };
/* End PBXFileReference section */

/* Begin PBXFrameworksBuildPhase section */
		2818E9872B43F72F005CF640 /* Frameworks */ = {
			isa = PBXFrameworksBuildPhase;
			buildActionMask = 2147483647;
			files = (
			);
			runOnlyForDeploymentPostprocessing = 0;
		};
		2818E99A2B43F731005CF640 /* Frameworks */ = {
			isa = PBXFrameworksBuildPhase;
			buildActionMask = 2147483647;
			files = (
			);
			runOnlyForDeploymentPostprocessing = 0;
		};
		2818E9A42B43F731005CF640 /* Frameworks */ = {
			isa = PBXFrameworksBuildPhase;
			buildActionMask = 2147483647;
			files = (
			);
			runOnlyForDeploymentPostprocessing = 0;
		};
/* End PBXFrameworksBuildPhase section */

/* Begin PBXGroup section */
		2818E9812B43F72F005CF640 = {
			isa = PBXGroup;
			children = (
				2818E98C2B43F72F005CF640 /* WebCamBench */,
				2818E9A02B43F731005CF640 /* WebCamBenchTests */,
				2818E9AA2B43F731005CF640 /* WebCamBenchUITests */,
				2818E98B2B43F72F005CF640 /* Products */,
			);
			sourceTree = "<group>";
		};
		2818E98B2B43F72F005CF640 /* Products */ = {
			isa = PBXGroup;
			children = (
				2818E98A2B43F72F005CF640 /* WebCamBench.app */,
				2818E99D2B43F731005CF640 /* WebCamBenchTests.xctest */,
				2818E9A72B43F731005CF640 /* WebCamBenchUITests.xctest */,
			);
			name = Products;
			sourceTree = "<group>";
		};
		2818E98C2B43F72F005CF640 /* WebCamBench */ = {
			isa = PBXGroup;
			children = (
				28D201482B44425900940E9F /* Views */,
				2818E9BA2B43F7AC005CF640 /* Model */,
				2818E98D2B43F72F005CF640 /* WebCamBenchApp.swift */,
				2818E98F2B43F72F005CF640 /* ContentView.swift */,
				2818E9932B43F731005CF640 /* Assets.xcassets */,
				2818E9982B43F731005CF640 /* WebCamBench.entitlements */,
				2818E9952B43F731005CF640 /* Preview Content */,
				2818E9BF2B440BD4005CF640 /* Benchmark.swift */,
				2807729B2B44845100BC3028 /* Utils.swift */,
			);
			path = WebCamBench;
			sourceTree = "<group>";
		};
		2818E9952B43F731005CF640 /* Preview Content */ = {
			isa = PBXGroup;
			children = (
				2818E9962B43F731005CF640 /* Preview Assets.xcassets */,
			);
			path = "Preview Content";
			sourceTree = "<group>";
		};
		2818E9A02B43F731005CF640 /* WebCamBenchTests */ = {
			isa = PBXGroup;
			children = (
				2818E9A12B43F731005CF640 /* WebCamBenchTests.swift */,
			);
			path = WebCamBenchTests;
			sourceTree = "<group>";
		};
		2818E9AA2B43F731005CF640 /* WebCamBenchUITests */ = {
			isa = PBXGroup;
			children = (
				2818E9AB2B43F731005CF640 /* WebCamBenchUITests.swift */,
				2818E9AD2B43F731005CF640 /* WebCamBenchUITestsLaunchTests.swift */,
			);
			path = WebCamBenchUITests;
			sourceTree = "<group>";
		};
		2818E9BA2B43F7AC005CF640 /* Model */ = {
			isa = PBXGroup;
			children = (
				2818E9BB2B43F7CE005CF640 /* DeviceInfo.swift */,
				2818E9BD2B43FA87005CF640 /* CameraDeviceModel.swift */,
			);
			path = Model;
			sourceTree = "<group>";
		};
		28D201482B44425900940E9F /* Views */ = {
			isa = PBXGroup;
			children = (
				28D201492B44426800940E9F /* DeviceView.swift */,
				28D2014B2B44496B00940E9F /* DeviceLableView.swift */,
				28D2014D2B444A6F00940E9F /* DeviceContentView.swift */,
				28D201502B44578D00940E9F /* DeviceMetricLabelView.swift */,
			);
			path = Views;
			sourceTree = "<group>";
		};
/* End PBXGroup section */

/* Begin PBXNativeTarget section */
		2818E9892B43F72F005CF640 /* WebCamBench */ = {
			isa = PBXNativeTarget;
			buildConfigurationList = 2818E9B12B43F731005CF640 /* Build configuration list for PBXNativeTarget "WebCamBench" */;
			buildPhases = (
				2818E9862B43F72F005CF640 /* Sources */,
				2818E9872B43F72F005CF640 /* Frameworks */,
				2818E9882B43F72F005CF640 /* Resources */,
			);
			buildRules = (
			);
			dependencies = (
			);
			name = WebCamBench;
			productName = WebCamBench;
			productReference = 2818E98A2B43F72F005CF640 /* WebCamBench.app */;
			productType = "com.apple.product-type.application";
		};
		2818E99C2B43F731005CF640 /* WebCamBenchTests */ = {
			isa = PBXNativeTarget;
			buildConfigurationList = 2818E9B42B43F731005CF640 /* Build configuration list for PBXNativeTarget "WebCamBenchTests" */;
			buildPhases = (
				2818E9992B43F731005CF640 /* Sources */,
				2818E99A2B43F731005CF640 /* Frameworks */,
				2818E99B2B43F731005CF640 /* Resources */,
			);
			buildRules = (
			);
			dependencies = (
				2818E99F2B43F731005CF640 /* PBXTargetDependency */,
			);
			name = WebCamBenchTests;
			productName = WebCamBenchTests;
			productReference = 2818E99D2B43F731005CF640 /* WebCamBenchTests.xctest */;
			productType = "com.apple.product-type.bundle.unit-test";
		};
		2818E9A62B43F731005CF640 /* WebCamBenchUITests */ = {
			isa = PBXNativeTarget;
			buildConfigurationList = 2818E9B72B43F731005CF640 /* Build configuration list for PBXNativeTarget "WebCamBenchUITests" */;
			buildPhases = (
				2818E9A32B43F731005CF640 /* Sources */,
				2818E9A42B43F731005CF640 /* Frameworks */,
				2818E9A52B43F731005CF640 /* Resources */,
			);
			buildRules = (
			);
			dependencies = (
				2818E9A92B43F731005CF640 /* PBXTargetDependency */,
			);
			name = WebCamBenchUITests;
			productName = WebCamBenchUITests;
			productReference = 2818E9A72B43F731005CF640 /* WebCamBenchUITests.xctest */;
			productType = "com.apple.product-type.bundle.ui-testing";
		};
/* End PBXNativeTarget section */

/* Begin PBXProject section */
		2818E9822B43F72F005CF640 /* Project object */ = {
			isa = PBXProject;
			attributes = {
				BuildIndependentTargetsInParallel = 1;
				LastSwiftUpdateCheck = 1500;
				LastUpgradeCheck = 1500;
				TargetAttributes = {
					2818E9892B43F72F005CF640 = {
						CreatedOnToolsVersion = 15.0.1;
					};
					2818E99C2B43F731005CF640 = {
						CreatedOnToolsVersion = 15.0.1;
						TestTargetID = 2818E9892B43F72F005CF640;
					};
					2818E9A62B43F731005CF640 = {
						CreatedOnToolsVersion = 15.0.1;
						TestTargetID = 2818E9892B43F72F005CF640;
					};
				};
			};
			buildConfigurationList = 2818E9852B43F72F005CF640 /* Build configuration list for PBXProject "WebCamBench" */;
			compatibilityVersion = "Xcode 14.0";
			developmentRegion = en;
			hasScannedForEncodings = 0;
			knownRegions = (
				en,
				Base,
			);
			mainGroup = 2818E9812B43F72F005CF640;
			productRefGroup = 2818E98B2B43F72F005CF640 /* Products */;
			projectDirPath = "";
			projectRoot = "";
			targets = (
				2818E9892B43F72F005CF640 /* WebCamBench */,
				2818E99C2B43F731005CF640 /* WebCamBenchTests */,
				2818E9A62B43F731005CF640 /* WebCamBenchUITests */,
			);
		};
/* End PBXProject section */

/* Begin PBXResourcesBuildPhase section */
		2818E9882B43F72F005CF640 /* Resources */ = {
			isa = PBXResourcesBuildPhase;
			buildActionMask = 2147483647;
			files = (
				2818E9972B43F731005CF640 /* Preview Assets.xcassets in Resources */,
				2818E9942B43F731005CF640 /* Assets.xcassets in Resources */,
			);
			runOnlyForDeploymentPostprocessing = 0;
		};
		2818E99B2B43F731005CF640 /* Resources */ = {
			isa = PBXResourcesBuildPhase;
			buildActionMask = 2147483647;
			files = (
			);
			runOnlyForDeploymentPostprocessing = 0;
		};
		2818E9A52B43F731005CF640 /* Resources */ = {
			isa = PBXResourcesBuildPhase;
			buildActionMask = 2147483647;
			files = (
			);
			runOnlyForDeploymentPostprocessing = 0;
		};
/* End PBXResourcesBuildPhase section */

/* Begin PBXSourcesBuildPhase section */
		2818E9862B43F72F005CF640 /* Sources */ = {
			isa = PBXSourcesBuildPhase;
			buildActionMask = 2147483647;
			files = (
				28D2014E2B444A6F00940E9F /* DeviceContentView.swift in Sources */,
				28D201512B44578D00940E9F /* DeviceMetricLabelView.swift in Sources */,
				2818E9902B43F72F005CF640 /* ContentView.swift in Sources */,
				2818E9C02B440BD4005CF640 /* Benchmark.swift in Sources */,
				28D2014A2B44426800940E9F /* DeviceView.swift in Sources */,
				2807729C2B44845100BC3028 /* Utils.swift in Sources */,
				2818E98E2B43F72F005CF640 /* WebCamBenchApp.swift in Sources */,
				2818E9BE2B43FA87005CF640 /* CameraDeviceModel.swift in Sources */,
				2818E9BC2B43F7CE005CF640 /* DeviceInfo.swift in Sources */,
				28D2014C2B44496B00940E9F /* DeviceLableView.swift in Sources */,
			);
			runOnlyForDeploymentPostprocessing = 0;
		};
		2818E9992B43F731005CF640 /* Sources */ = {
			isa = PBXSourcesBuildPhase;
			buildActionMask = 2147483647;
			files = (
				2818E9A22B43F731005CF640 /* WebCamBenchTests.swift in Sources */,
			);
			runOnlyForDeploymentPostprocessing = 0;
		};
		2818E9A32B43F731005CF640 /* Sources */ = {
			isa = PBXSourcesBuildPhase;
			buildActionMask = 2147483647;
			files = (
				2818E9AE2B43F731005CF640 /* WebCamBenchUITestsLaunchTests.swift in Sources */,
				2818E9AC2B43F731005CF640 /* WebCamBenchUITests.swift in Sources */,
			);
			runOnlyForDeploymentPostprocessing = 0;
		};
/* End PBXSourcesBuildPhase section */

/* Begin PBXTargetDependency section */
		2818E99F2B43F731005CF640 /* PBXTargetDependency */ = {
			isa = PBXTargetDependency;
			target = 2818E9892B43F72F005CF640 /* WebCamBench */;
			targetProxy = 2818E99E2B43F731005CF640 /* PBXContainerItemProxy */;
		};
		2818E9A92B43F731005CF640 /* PBXTargetDependency */ = {
			isa = PBXTargetDependency;
			target = 2818E9892B43F72F005CF640 /* WebCamBench */;
			targetProxy = 2818E9A82B43F731005CF640 /* PBXContainerItemProxy */;
		};
/* End PBXTargetDependency section */

/* Begin XCBuildConfiguration section */
		2818E9AF2B43F731005CF640 /* Debug */ = {
			isa = XCBuildConfiguration;
			buildSettings = {
				ALWAYS_SEARCH_USER_PATHS = NO;
				ASSETCATALOG_COMPILER_GENERATE_SWIFT_ASSET_SYMBOL_EXTENSIONS = YES;
				CLANG_ANALYZER_NONNULL = YES;
				CLANG_ANALYZER_NUMBER_OBJECT_CONVERSION = YES_AGGRESSIVE;
				CLANG_CXX_LANGUAGE_STANDARD = "gnu++20";
				CLANG_ENABLE_MODULES = YES;
				CLANG_ENABLE_OBJC_ARC = YES;
				CLANG_ENABLE_OBJC_WEAK = YES;
				CLANG_WARN_BLOCK_CAPTURE_AUTORELEASING = YES;
				CLANG_WARN_BOOL_CONVERSION = YES;
				CLANG_WARN_COMMA = YES;
				CLANG_WARN_CONSTANT_CONVERSION = YES;
				CLANG_WARN_DEPRECATED_OBJC_IMPLEMENTATIONS = YES;
				CLANG_WARN_DIRECT_OBJC_ISA_USAGE = YES_ERROR;
				CLANG_WARN_DOCUMENTATION_COMMENTS = YES;
				CLANG_WARN_EMPTY_BODY = YES;
				CLANG_WARN_ENUM_CONVERSION = YES;
				CLANG_WARN_INFINITE_RECURSION = YES;
				CLANG_WARN_INT_CONVERSION = YES;
				CLANG_WARN_NON_LITERAL_NULL_CONVERSION = YES;
				CLANG_WARN_OBJC_IMPLICIT_RETAIN_SELF = YES;
				CLANG_WARN_OBJC_LITERAL_CONVERSION = YES;
				CLANG_WARN_OBJC_ROOT_CLASS = YES_ERROR;
				CLANG_WARN_QUOTED_INCLUDE_IN_FRAMEWORK_HEADER = YES;
				CLANG_WARN_RANGE_LOOP_ANALYSIS = YES;
				CLANG_WARN_STRICT_PROTOTYPES = YES;
				CLANG_WARN_SUSPICIOUS_MOVE = YES;
				CLANG_WARN_UNGUARDED_AVAILABILITY = YES_AGGRESSIVE;
				CLANG_WARN_UNREACHABLE_CODE = YES;
				CLANG_WARN__DUPLICATE_METHOD_MATCH = YES;
				COPY_PHASE_STRIP = NO;
				DEBUG_INFORMATION_FORMAT = dwarf;
				ENABLE_STRICT_OBJC_MSGSEND = YES;
				ENABLE_TESTABILITY = YES;
				ENABLE_USER_SCRIPT_SANDBOXING = YES;
				GCC_C_LANGUAGE_STANDARD = gnu17;
				GCC_DYNAMIC_NO_PIC = NO;
				GCC_NO_COMMON_BLOCKS = YES;
				GCC_OPTIMIZATION_LEVEL = 0;
				GCC_PREPROCESSOR_DEFINITIONS = (
					"DEBUG=1",
					"$(inherited)",
				);
				GCC_WARN_64_TO_32_BIT_CONVERSION = YES;
				GCC_WARN_ABOUT_RETURN_TYPE = YES_ERROR;
				GCC_WARN_UNDECLARED_SELECTOR = YES;
				GCC_WARN_UNINITIALIZED_AUTOS = YES_AGGRESSIVE;
				GCC_WARN_UNUSED_FUNCTION = YES;
				GCC_WARN_UNUSED_VARIABLE = YES;
				LOCALIZATION_PREFERS_STRING_CATALOGS = YES;
				MACOSX_DEPLOYMENT_TARGET = 14.0;
				MTL_ENABLE_DEBUG_INFO = INCLUDE_SOURCE;
				MTL_FAST_MATH = YES;
				ONLY_ACTIVE_ARCH = YES;
				SDKROOT = macosx;
				SWIFT_ACTIVE_COMPILATION_CONDITIONS = "DEBUG $(inherited)";
				SWIFT_OPTIMIZATION_LEVEL = "-Onone";
			};
			name = Debug;
		};
		2818E9B02B43F731005CF640 /* Release */ = {
			isa = XCBuildConfiguration;
			buildSettings = {
				ALWAYS_SEARCH_USER_PATHS = NO;
				ASSETCATALOG_COMPILER_GENERATE_SWIFT_ASSET_SYMBOL_EXTENSIONS = YES;
				CLANG_ANALYZER_NONNULL = YES;
				CLANG_ANALYZER_NUMBER_OBJECT_CONVERSION = YES_AGGRESSIVE;
				CLANG_CXX_LANGUAGE_STANDARD = "gnu++20";
				CLANG_ENABLE_MODULES = YES;
				CLANG_ENABLE_OBJC_ARC = YES;
				CLANG_ENABLE_OBJC_WEAK = YES;
				CLANG_WARN_BLOCK_CAPTURE_AUTORELEASING = YES;
				CLANG_WARN_BOOL_CONVERSION = YES;
				CLANG_WARN_COMMA = YES;
				CLANG_WARN_CONSTANT_CONVERSION = YES;
				CLANG_WARN_DEPRECATED_OBJC_IMPLEMENTATIONS = YES;
				CLANG_WARN_DIRECT_OBJC_ISA_USAGE = YES_ERROR;
				CLANG_WARN_DOCUMENTATION_COMMENTS = YES;
				CLANG_WARN_EMPTY_BODY = YES;
				CLANG_WARN_ENUM_CONVERSION = YES;
				CLANG_WARN_INFINITE_RECURSION = YES;
				CLANG_WARN_INT_CONVERSION = YES;
				CLANG_WARN_NON_LITERAL_NULL_CONVERSION = YES;
				CLANG_WARN_OBJC_IMPLICIT_RETAIN_SELF = YES;
				CLANG_WARN_OBJC_LITERAL_CONVERSION = YES;
				CLANG_WARN_OBJC_ROOT_CLASS = YES_ERROR;
				CLANG_WARN_QUOTED_INCLUDE_IN_FRAMEWORK_HEADER = YES;
				CLANG_WARN_RANGE_LOOP_ANALYSIS = YES;
				CLANG_WARN_STRICT_PROTOTYPES = YES;
				CLANG_WARN_SUSPICIOUS_MOVE = YES;
				CLANG_WARN_UNGUARDED_AVAILABILITY = YES_AGGRESSIVE;
				CLANG_WARN_UNREACHABLE_CODE = YES;
				CLANG_WARN__DUPLICATE_METHOD_MATCH = YES;
				COPY_PHASE_STRIP = NO;
				DEBUG_INFORMATION_FORMAT = "dwarf-with-dsym";
				ENABLE_NS_ASSERTIONS = NO;
				ENABLE_STRICT_OBJC_MSGSEND = YES;
				ENABLE_USER_SCRIPT_SANDBOXING = YES;
				GCC_C_LANGUAGE_STANDARD = gnu17;
				GCC_NO_COMMON_BLOCKS = YES;
				GCC_WARN_64_TO_32_BIT_CONVERSION = YES;
				GCC_WARN_ABOUT_RETURN_TYPE = YES_ERROR;
				GCC_WARN_UNDECLARED_SELECTOR = YES;
				GCC_WARN_UNINITIALIZED_AUTOS = YES_AGGRESSIVE;
				GCC_WARN_UNUSED_FUNCTION = YES;
				GCC_WARN_UNUSED_VARIABLE = YES;
				LOCALIZATION_PREFERS_STRING_CATALOGS = YES;
				MACOSX_DEPLOYMENT_TARGET = 14.0;
				MTL_ENABLE_DEBUG_INFO = NO;
				MTL_FAST_MATH = YES;
				SDKROOT = macosx;
				SWIFT_COMPILATION_MODE = wholemodule;
			};
			name = Release;
		};
		2818E9B22B43F731005CF640 /* Debug */ = {
			isa = XCBuildConfiguration;
			buildSettings = {
				ASSETCATALOG_COMPILER_APPICON_NAME = AppIcon;
				ASSETCATALOG_COMPILER_GLOBAL_ACCENT_COLOR_NAME = AccentColor;
				CODE_SIGN_ENTITLEMENTS = WebCamBench/WebCamBench.entitlements;
				CODE_SIGN_STYLE = Automatic;
				COMBINE_HIDPI_IMAGES = YES;
				CURRENT_PROJECT_VERSION = 1;
				DEVELOPMENT_ASSET_PATHS = "\"WebCamBench/Preview Content\"";
				DEVELOPMENT_TEAM = P8T9L677WW;
				ENABLE_HARDENED_RUNTIME = YES;
				ENABLE_PREVIEWS = YES;
				GENERATE_INFOPLIST_FILE = YES;
				INFOPLIST_KEY_CFBundleDisplayName = WebCamBench;
				INFOPLIST_KEY_LSApplicationCategoryType = "public.app-category.utilities";
				INFOPLIST_KEY_NSCameraUsageDescription = "Camera access is required for benchmarking; without this, the app will not work correctly.";
				INFOPLIST_KEY_NSHumanReadableCopyright = "";
				LD_RUNPATH_SEARCH_PATHS = (
					"$(inherited)",
					"@executable_path/../Frameworks",
				);
				MACOSX_DEPLOYMENT_TARGET = 14.0;
				MARKETING_VERSION = 1.0;
				PRODUCT_BUNDLE_IDENTIFIER = com.amit.WebCamBench;
				PRODUCT_NAME = "$(TARGET_NAME)";
				SWIFT_EMIT_LOC_STRINGS = YES;
				SWIFT_VERSION = 5.0;
			};
			name = Debug;
		};
		2818E9B32B43F731005CF640 /* Release */ = {
			isa = XCBuildConfiguration;
			buildSettings = {
				ASSETCATALOG_COMPILER_APPICON_NAME = AppIcon;
				ASSETCATALOG_COMPILER_GLOBAL_ACCENT_COLOR_NAME = AccentColor;
				CODE_SIGN_ENTITLEMENTS = WebCamBench/WebCamBench.entitlements;
				CODE_SIGN_STYLE = Automatic;
				COMBINE_HIDPI_IMAGES = YES;
				CURRENT_PROJECT_VERSION = 1;
				DEVELOPMENT_ASSET_PATHS = "\"WebCamBench/Preview Content\"";
				DEVELOPMENT_TEAM = P8T9L677WW;
				ENABLE_HARDENED_RUNTIME = YES;
				ENABLE_PREVIEWS = YES;
				GENERATE_INFOPLIST_FILE = YES;
				INFOPLIST_KEY_CFBundleDisplayName = WebCamBench;
				INFOPLIST_KEY_LSApplicationCategoryType = "public.app-category.utilities";
				INFOPLIST_KEY_NSCameraUsageDescription = "Camera access is required for benchmarking; without this, the app will not work correctly.";
				INFOPLIST_KEY_NSHumanReadableCopyright = "";
				LD_RUNPATH_SEARCH_PATHS = (
					"$(inherited)",
					"@executable_path/../Frameworks",
				);
				MACOSX_DEPLOYMENT_TARGET = 14.0;
				MARKETING_VERSION = 1.0;
				PRODUCT_BUNDLE_IDENTIFIER = com.amit.WebCamBench;
				PRODUCT_NAME = "$(TARGET_NAME)";
				SWIFT_EMIT_LOC_STRINGS = YES;
				SWIFT_VERSION = 5.0;
			};
			name = Release;
		};
		2818E9B52B43F731005CF640 /* Debug */ = {
			isa = XCBuildConfiguration;
			buildSettings = {
				ALWAYS_EMBED_SWIFT_STANDARD_LIBRARIES = YES;
				BUNDLE_LOADER = "$(TEST_HOST)";
				CODE_SIGN_STYLE = Automatic;
				CURRENT_PROJECT_VERSION = 1;
				DEVELOPMENT_TEAM = P8T9L677WW;
				GENERATE_INFOPLIST_FILE = YES;
				MACOSX_DEPLOYMENT_TARGET = 14.0;
				MARKETING_VERSION = 1.0;
				PRODUCT_BUNDLE_IDENTIFIER = com.amit.WebCamBenchTests;
				PRODUCT_NAME = "$(TARGET_NAME)";
				SWIFT_EMIT_LOC_STRINGS = NO;
				SWIFT_VERSION = 5.0;
				TEST_HOST = "$(BUILT_PRODUCTS_DIR)/WebCamBench.app/$(BUNDLE_EXECUTABLE_FOLDER_PATH)/WebCamBench";
			};
			name = Debug;
		};
		2818E9B62B43F731005CF640 /* Release */ = {
			isa = XCBuildConfiguration;
			buildSettings = {
				ALWAYS_EMBED_SWIFT_STANDARD_LIBRARIES = YES;
				BUNDLE_LOADER = "$(TEST_HOST)";
				CODE_SIGN_STYLE = Automatic;
				CURRENT_PROJECT_VERSION = 1;
				DEVELOPMENT_TEAM = P8T9L677WW;
				GENERATE_INFOPLIST_FILE = YES;
				MACOSX_DEPLOYMENT_TARGET = 14.0;
				MARKETING_VERSION = 1.0;
				PRODUCT_BUNDLE_IDENTIFIER = com.amit.WebCamBenchTests;
				PRODUCT_NAME = "$(TARGET_NAME)";
				SWIFT_EMIT_LOC_STRINGS = NO;
				SWIFT_VERSION = 5.0;
				TEST_HOST = "$(BUILT_PRODUCTS_DIR)/WebCamBench.app/$(BUNDLE_EXECUTABLE_FOLDER_PATH)/WebCamBench";
			};
			name = Release;
		};
		2818E9B82B43F731005CF640 /* Debug */ = {
			isa = XCBuildConfiguration;
			buildSettings = {
				ALWAYS_EMBED_SWIFT_STANDARD_LIBRARIES = YES;
				CODE_SIGN_STYLE = Automatic;
				CURRENT_PROJECT_VERSION = 1;
				DEVELOPMENT_TEAM = P8T9L677WW;
				GENERATE_INFOPLIST_FILE = YES;
				MARKETING_VERSION = 1.0;
				PRODUCT_BUNDLE_IDENTIFIER = com.amit.WebCamBenchUITests;
				PRODUCT_NAME = "$(TARGET_NAME)";
				SWIFT_EMIT_LOC_STRINGS = NO;
				SWIFT_VERSION = 5.0;
				TEST_TARGET_NAME = WebCamBench;
			};
			name = Debug;
		};
		2818E9B92B43F731005CF640 /* Release */ = {
			isa = XCBuildConfiguration;
			buildSettings = {
				ALWAYS_EMBED_SWIFT_STANDARD_LIBRARIES = YES;
				CODE_SIGN_STYLE = Automatic;
				CURRENT_PROJECT_VERSION = 1;
				DEVELOPMENT_TEAM = P8T9L677WW;
				GENERATE_INFOPLIST_FILE = YES;
				MARKETING_VERSION = 1.0;
				PRODUCT_BUNDLE_IDENTIFIER = com.amit.WebCamBenchUITests;
				PRODUCT_NAME = "$(TARGET_NAME)";
				SWIFT_EMIT_LOC_STRINGS = NO;
				SWIFT_VERSION = 5.0;
				TEST_TARGET_NAME = WebCamBench;
			};
			name = Release;
		};
/* End XCBuildConfiguration section */

/* Begin XCConfigurationList section */
		2818E9852B43F72F005CF640 /* Build configuration list for PBXProject "WebCamBench" */ = {
			isa = XCConfigurationList;
			buildConfigurations = (
				2818E9AF2B43F731005CF640 /* Debug */,
				2818E9B02B43F731005CF640 /* Release */,
			);
			defaultConfigurationIsVisible = 0;
			defaultConfigurationName = Release;
		};
		2818E9B12B43F731005CF640 /* Build configuration list for PBXNativeTarget "WebCamBench" */ = {
			isa = XCConfigurationList;
			buildConfigurations = (
				2818E9B22B43F731005CF640 /* Debug */,
				2818E9B32B43F731005CF640 /* Release */,
			);
			defaultConfigurationIsVisible = 0;
			defaultConfigurationName = Release;
		};
		2818E9B42B43F731005CF640 /* Build configuration list for PBXNativeTarget "WebCamBenchTests" */ = {
			isa = XCConfigurationList;
			buildConfigurations = (
				2818E9B52B43F731005CF640 /* Debug */,
				2818E9B62B43F731005CF640 /* Release */,
			);
			defaultConfigurationIsVisible = 0;
			defaultConfigurationName = Release;
		};
		2818E9B72B43F731005CF640 /* Build configuration list for PBXNativeTarget "WebCamBenchUITests" */ = {
			isa = XCConfigurationList;
			buildConfigurations = (
				2818E9B82B43F731005CF640 /* Debug */,
				2818E9B92B43F731005CF640 /* Release */,
			);
			defaultConfigurationIsVisible = 0;
			defaultConfigurationName = Release;
		};
/* End XCConfigurationList section */
	};
	rootObject = 2818E9822B43F72F005CF640 /* Project object */;
}
